// !$*UTF8*$!
{
	archiveVersion = 1;
	classes = {
	};
	objectVersion = 46;
	objects = {

/* Begin PBXBuildFile section */
		F7FA053B1C8687B50051AB6B /* AppDelegate.swift in Sources */ = {isa = PBXBuildFile; fileRef = F7FA053A1C8687B50051AB6B /* AppDelegate.swift */; };
		F7FA053D1C8687B50051AB6B /* ViewController.swift in Sources */ = {isa = PBXBuildFile; fileRef = F7FA053C1C8687B50051AB6B /* ViewController.swift */; };
		F7FA05401C8687B50051AB6B /* Main.storyboard in Resources */ = {isa = PBXBuildFile; fileRef = F7FA053E1C8687B50051AB6B /* Main.storyboard */; };
		F7FA05421C8687B50051AB6B /* Assets.xcassets in Resources */ = {isa = PBXBuildFile; fileRef = F7FA05411C8687B50051AB6B /* Assets.xcassets */; };
		F7FA05451C8687B50051AB6B /* LaunchScreen.storyboard in Resources */ = {isa = PBXBuildFile; fileRef = F7FA05431C8687B50051AB6B /* LaunchScreen.storyboard */; };
/* End PBXBuildFile section */

/* Begin PBXFileReference section */
		F7FA05371C8687B50051AB6B /* SegueExemplo.app */ = {isa = PBXFileReference; explicitFileType = wrapper.application; includeInIndex = 0; path = SegueExemplo.app; sourceTree = BUILT_PRODUCTS_DIR; };
		F7FA053A1C8687B50051AB6B /* AppDelegate.swift */ = {isa = PBXFileReference; lastKnownFileType = sourcecode.swift; path = AppDelegate.swift; sourceTree = "<group>"; };
		F7FA053C1C8687B50051AB6B /* ViewController.swift */ = {isa = PBXFileReference; lastKnownFileType = sourcecode.swift; path = ViewController.swift; sourceTree = "<group>"; };
		F7FA053F1C8687B50051AB6B /* Base */ = {isa = PBXFileReference; lastKnownFileType = file.storyboard; name = Base; path = Base.lproj/Main.storyboard; sourceTree = "<group>"; };
		F7FA05411C8687B50051AB6B /* Assets.xcassets */ = {isa = PBXFileReference; lastKnownFileType = folder.assetcatalog; path = Assets.xcassets; sourceTree = "<group>"; };
		F7FA05441C8687B50051AB6B /* Base */ = {isa = PBXFileReference; lastKnownFileType = file.storyboard; name = Base; path = Base.lproj/LaunchScreen.storyboard; sourceTree = "<group>"; };
		F7FA05461C8687B60051AB6B /* Info.plist */ = {isa = PBXFileReference; lastKnownFileType = text.plist.xml; path = Info.plist; sourceTree = "<group>"; };
/* End PBXFileReference section */

/* Begin PBXFrameworksBuildPhase section */
		F7FA05341C8687B50051AB6B /* Frameworks */ = {
			isa = PBXFrameworksBuildPhase;
			buildActionMask = 2147483647;
			files = (
			);
			runOnlyForDeploymentPostprocessing = 0;
		};
/* End PBXFrameworksBuildPhase section */

/* Begin PBXGroup section */
		F7FA052E1C8687B50051AB6B = {
			isa = PBXGroup;
			children = (
				F7FA05391C8687B50051AB6B /* SegueExemplo */,
				F7FA05381C8687B50051AB6B /* Products */,
			);
			sourceTree = "<group>";
		};
		F7FA05381C8687B50051AB6B /* Products */ = {
			isa = PBXGroup;
			children = (
				F7FA05371C8687B50051AB6B /* SegueExemplo.app */,
			);
			name = Products;
			sourceTree = "<group>";
		};
		F7FA05391C8687B50051AB6B /* SegueExemplo */ = {
			isa = PBXGroup;
			children = (
				F7FA053A1C8687B50051AB6B /* AppDelegate.swift */,
				F7FA053C1C8687B50051AB6B /* ViewController.swift */,
				F7FA053E1C8687B50051AB6B /* Main.storyboard */,
				F7FA05411C8687B50051AB6B /* Assets.xcassets */,
				F7FA05431C8687B50051AB6B /* LaunchScreen.storyboard */,
				F7FA05461C8687B60051AB6B /* Info.plist */,
			);
			path = SegueExemplo;
			sourceTree = "<group>";
		};
/* End PBXGroup section */

/* Begin PBXNativeTarget section */
		F7FA05361C8687B50051AB6B /* SegueExemplo */ = {
			isa = PBXNativeTarget;
			buildConfigurationList = F7FA05491C8687B60051AB6B /* Build configuration list for PBXNativeTarget "SegueExemplo" */;
			buildPhases = (
				F7FA05331C8687B50051AB6B /* Sources */,
				F7FA05341C8687B50051AB6B /* Frameworks */,
				F7FA05351C8687B50051AB6B /* Resources */,
			);
			buildRules = (
			);
			dependencies = (
			);
			name = SegueExemplo;
			productName = SegueExemplo;
			productReference = F7FA05371C8687B50051AB6B /* SegueExemplo.app */;
			productType = "com.apple.product-type.application";
		};
/* End PBXNativeTarget section */

/* Begin PBXProject section */
		F7FA052F1C8687B50051AB6B /* Project object */ = {
			isa = PBXProject;
			attributes = {
				LastSwiftUpdateCheck = 0720;
				LastUpgradeCheck = 0720;
				ORGANIZATIONNAME = "Paiter Tecnologia";
				TargetAttributes = {
					F7FA05361C8687B50051AB6B = {
						CreatedOnToolsVersion = 7.2.1;
					};
				};
			};
			buildConfigurationList = F7FA05321C8687B50051AB6B /* Build configuration list for PBXProject "SegueExemplo" */;
			compatibilityVersion = "Xcode 3.2";
			developmentRegion = English;
			hasScannedForEncodings = 0;
			knownRegions = (
				en,
				Base,
			);
			mainGroup = F7FA052E1C8687B50051AB6B;
			productRefGroup = F7FA05381C8687B50051AB6B /* Products */;
			projectDirPath = "";
			projectRoot = "";
			targets = (
				F7FA05361C8687B50051AB6B /* SegueExemplo */,
			);
		};
/* End PBXProject section */

/* Begin PBXResourcesBuildPhase section */
		F7FA05351C8687B50051AB6B /* Resources */ = {
			isa = PBXResourcesBuildPhase;
			buildActionMask = 2147483647;
			files = (
				F7FA05451C8687B50051AB6B /* LaunchScreen.storyboard in Resources */,
				F7FA05421C8687B50051AB6B /* Assets.xcassets in Resources */,
				F7FA05401C8687B50051AB6B /* Main.storyboard in Resources */,
			);
			runOnlyForDeploymentPostprocessing = 0;
		};
/* End PBXResourcesBuildPhase section */

/* Begin PBXSourcesBuildPhase section */
		F7FA05331C8687B50051AB6B /* Sources */ = {
			isa = PBXSourcesBuildPhase;
			buildActionMask = 2147483647;
			files = (
				F7FA053D1C8687B50051AB6B /* ViewController.swift in Sources */,
				F7FA053B1C8687B50051AB6B /* AppDelegate.swift in Sources */,
			);
			runOnlyForDeploymentPostprocessing = 0;
		};
/* End PBXSourcesBuildPhase section */

/* Begin PBXVariantGroup section */
		F7FA053E1C8687B50051AB6B /* Main.storyboard */ = {
			isa = PBXVariantGroup;
			children = (
				F7FA053F1C8687B50051AB6B /* Base */,
			);
			name = Main.storyboard;
			sourceTree = "<group>";
		};
		F7FA05431C8687B50051AB6B /* LaunchScreen.storyboard */ = {
			isa = PBXVariantGroup;
			children = (
				F7FA05441C8687B50051AB6B /* Base */,
			);
			name = LaunchScreen.storyboard;
			sourceTree = "<group>";
		};
/* End PBXVariantGroup section */

/* Begin XCBuildConfiguration section */
		F7FA05471C8687B60051AB6B /* Debug */ = {
			isa = XCBuildConfiguration;
			buildSettings = {
				ALWAYS_SEARCH_USER_PATHS = NO;
				CLANG_CXX_LANGUAGE_STANDARD = "gnu++0x";
				CLANG_CXX_LIBRARY = "libc++";
				CLANG_ENABLE_MODULES = YES;
				CLANG_ENABLE_OBJC_ARC = YES;
				CLANG_WARN_BOOL_CONVERSION = YES;
				CLANG_WARN_CONSTANT_CONVERSION = YES;
				CLANG_WARN_DIRECT_OBJC_ISA_USAGE = YES_ERROR;
				CLANG_WARN_EMPTY_BODY = YES;
				CLANG_WARN_ENUM_CONVERSION = YES;
				CLANG_WARN_INT_CONVERSION = YES;
				CLANG_WARN_OBJC_ROOT_CLASS = YES_ERROR;
				CLANG_WARN_UNREACHABLE_CODE = YES;
				CLANG_WARN__DUPLICATE_METHOD_MATCH = YES;
				"CODE_SIGN_IDENTITY[sdk=iphoneos*]" = "iPhone Developer";
				COPY_PHASE_STRIP = NO;
				DEBUG_INFORMATION_FORMAT = dwarf;
				ENABLE_STRICT_OBJC_MSGSEND = YES;
				ENABLE_TESTABILITY = YES;
				GCC_C_LANGUAGE_STANDARD = gnu99;
				GCC_DYNAMIC_NO_PIC = NO;
				GCC_NO_COMMON_BLOCKS = YES;
				GCC_OPTIMIZATION_LEVEL = 0;
				GCC_PREPROCESSOR_DEFINITIONS = (
					"DEBUG=1",
					"$(inherited)",
				);
				GCC_WARN_64_TO_32_BIT_CONVERSION = YES;
				GCC_WARN_ABOUT_RETURN_TYPE = YES_ERROR;
				GCC_WARN_UNDECLARED_SELECTOR = YES;
				GCC_WARN_UNINITIALIZED_AUTOS = YES_AGGRESSIVE;
				GCC_WARN_UNUSED_FUNCTION = YES;
				GCC_WARN_UNUSED_VARIABLE = YES;
				IPHONEOS_DEPLOYMENT_TARGET = 9.2;
				MTL_ENABLE_DEBUG_INFO = YES;
				ONLY_ACTIVE_ARCH = YES;
				SDKROOT = iphoneos;
				SWIFT_OPTIMIZATION_LEVEL = "-Onone";
			};
			name = Debug;
		};
		F7FA05481C8687B60051AB6B /* Release */ = {
			isa = XCBuildConfiguration;
			buildSettings = {
				ALWAYS_SEARCH_USER_PATHS = NO;
				CLANG_CXX_LANGUAGE_STANDARD = "gnu++0x";
				CLANG_CXX_LIBRARY = "libc++";
				CLANG_ENABLE_MODULES = YES;
				CLANG_ENABLE_OBJC_ARC = YES;
				CLANG_WARN_BOOL_CONVERSION = YES;
				CLANG_WARN_CONSTANT_CONVERSION = YES;
				CLANG_WARN_DIRECT_OBJC_ISA_USAGE = YES_ERROR;
				CLANG_WARN_EMPTY_BODY = YES;
				CLANG_WARN_ENUM_CONVERSION = YES;
				CLANG_WARN_INT_CONVERSION = YES;
				CLANG_WARN_OBJC_ROOT_CLASS = YES_ERROR;
				CLANG_WARN_UNREACHABLE_CODE = YES;
				CLANG_WARN__DUPLICATE_METHOD_MATCH = YES;
				"CODE_SIGN_IDENTITY[sdk=iphoneos*]" = "iPhone Developer";
				COPY_PHASE_STRIP = NO;
				DEBUG_INFORMATION_FORMAT = "dwarf-with-dsym";
				ENABLE_NS_ASSERTIONS = NO;
				ENABLE_STRICT_OBJC_MSGSEND = YES;
				GCC_C_LANGUAGE_STANDARD = gnu99;
				GCC_NO_COMMON_BLOCKS = YES;
				GCC_WARN_64_TO_32_BIT_CONVERSION = YES;
				GCC_WARN_ABOUT_RETURN_TYPE = YES_ERROR;
				GCC_WARN_UNDECLARED_SELECTOR = YES;
				GCC_WARN_UNINITIALIZED_AUTOS = YES_AGGRESSIVE;
				GCC_WARN_UNUSED_FUNCTION = YES;
				GCC_WARN_UNUSED_VARIABLE = YES;
				IPHONEOS_DEPLOYMENT_TARGET = 9.2;
				MTL_ENABLE_DEBUG_INFO = NO;
				SDKROOT = iphoneos;
				VALIDATE_PRODUCT = YES;
			};
			name = Release;
		};
		F7FA054A1C8687B60051AB6B /* Debug */ = {
			isa = XCBuildConfiguration;
			buildSettings = {
				ASSETCATALOG_COMPILER_APPICON_NAME = AppIcon;
				INFOPLIST_FILE = SegueExemplo/Info.plist;
				LD_RUNPATH_SEARCH_PATHS = "$(inherited) @executable_path/Frameworks";
				PRODUCT_BUNDLE_IDENTIFIER = br.com.paiter.SegueExemplo;
				PRODUCT_NAME = "$(TARGET_NAME)";
			};
			name = Debug;
		};
		F7FA054B1C8687B60051AB6B /* Release */ = {
			isa = XCBuildConfiguration;
			buildSettings = {
				ASSETCATALOG_COMPILER_APPICON_NAME = AppIcon;
				INFOPLIST_FILE = SegueExemplo/Info.plist;
				LD_RUNPATH_SEARCH_PATHS = "$(inherited) @executable_path/Frameworks";
				PRODUCT_BUNDLE_IDENTIFIER = br.com.paiter.SegueExemplo;
				PRODUCT_NAME = "$(TARGET_NAME)";
			};
			name = Release;
		};
/* End XCBuildConfiguration section */

/* Begin XCConfigurationList section */
		F7FA05321C8687B50051AB6B /* Build configuration list for PBXProject "SegueExemplo" */ = {
			isa = XCConfigurationList;
			buildConfigurations = (
				F7FA05471C8687B60051AB6B /* Debug */,
				F7FA05481C8687B60051AB6B /* Release */,
			);
			defaultConfigurationIsVisible = 0;
			defaultConfigurationName = Release;
		};
		F7FA05491C8687B60051AB6B /* Build configuration list for PBXNativeTarget "SegueExemplo" */ = {
			isa = XCConfigurationList;
			buildConfigurations = (
				F7FA054A1C8687B60051AB6B /* Debug */,
				F7FA054B1C8687B60051AB6B /* Release */,
			);
			defaultConfigurationIsVisible = 0;
		};
/* End XCConfigurationList section */
	};
	rootObject = F7FA052F1C8687B50051AB6B /* Project object */;
}
