// !$*UTF8*$!
{
	archiveVersion = 1;
	classes = {
	};
	objectVersion = 46;
	objects = {

/* Begin PBXBuildFile section */
		F77D224B1CA9963300E62C6F /* AppDelegate.swift in Sources */ = {isa = PBXBuildFile; fileRef = F77D224A1CA9963300E62C6F /* AppDelegate.swift */; };
		F77D224D1CA9963300E62C6F /* ViewController.swift in Sources */ = {isa = PBXBuildFile; fileRef = F77D224C1CA9963300E62C6F /* ViewController.swift */; };
		F77D22501CA9963300E62C6F /* Main.storyboard in Resources */ = {isa = PBXBuildFile; fileRef = F77D224E1CA9963300E62C6F /* Main.storyboard */; };
		F77D22521CA9963300E62C6F /* Assets.xcassets in Resources */ = {isa = PBXBuildFile; fileRef = F77D22511CA9963300E62C6F /* Assets.xcassets */; };
		F77D22551CA9963300E62C6F /* LaunchScreen.storyboard in Resources */ = {isa = PBXBuildFile; fileRef = F77D22531CA9963300E62C6F /* LaunchScreen.storyboard */; };
/* End PBXBuildFile section */

/* Begin PBXFileReference section */
		F77D22471CA9963200E62C6F /* Qual Clima.app */ = {isa = PBXFileReference; explicitFileType = wrapper.application; includeInIndex = 0; path = "Qual Clima.app"; sourceTree = BUILT_PRODUCTS_DIR; };
		F77D224A1CA9963300E62C6F /* AppDelegate.swift */ = {isa = PBXFileReference; lastKnownFileType = sourcecode.swift; path = AppDelegate.swift; sourceTree = "<group>"; };
		F77D224C1CA9963300E62C6F /* ViewController.swift */ = {isa = PBXFileReference; lastKnownFileType = sourcecode.swift; path = ViewController.swift; sourceTree = "<group>"; };
		F77D224F1CA9963300E62C6F /* Base */ = {isa = PBXFileReference; lastKnownFileType = file.storyboard; name = Base; path = Base.lproj/Main.storyboard; sourceTree = "<group>"; };
		F77D22511CA9963300E62C6F /* Assets.xcassets */ = {isa = PBXFileReference; lastKnownFileType = folder.assetcatalog; path = Assets.xcassets; sourceTree = "<group>"; };
		F77D22541CA9963300E62C6F /* Base */ = {isa = PBXFileReference; lastKnownFileType = file.storyboard; name = Base; path = Base.lproj/LaunchScreen.storyboard; sourceTree = "<group>"; };
		F77D22561CA9963300E62C6F /* Info.plist */ = {isa = PBXFileReference; lastKnownFileType = text.plist.xml; path = Info.plist; sourceTree = "<group>"; };
/* End PBXFileReference section */

/* Begin PBXFrameworksBuildPhase section */
		F77D22441CA9963200E62C6F /* Frameworks */ = {
			isa = PBXFrameworksBuildPhase;
			buildActionMask = 2147483647;
			files = (
			);
			runOnlyForDeploymentPostprocessing = 0;
		};
/* End PBXFrameworksBuildPhase section */

/* Begin PBXGroup section */
		F77D223E1CA9963200E62C6F = {
			isa = PBXGroup;
			children = (
				F77D22491CA9963300E62C6F /* Qual Clima */,
				F77D22481CA9963200E62C6F /* Products */,
			);
			sourceTree = "<group>";
		};
		F77D22481CA9963200E62C6F /* Products */ = {
			isa = PBXGroup;
			children = (
				F77D22471CA9963200E62C6F /* Qual Clima.app */,
			);
			name = Products;
			sourceTree = "<group>";
		};
		F77D22491CA9963300E62C6F /* Qual Clima */ = {
			isa = PBXGroup;
			children = (
				F77D224A1CA9963300E62C6F /* AppDelegate.swift */,
				F77D224C1CA9963300E62C6F /* ViewController.swift */,
				F77D224E1CA9963300E62C6F /* Main.storyboard */,
				F77D22511CA9963300E62C6F /* Assets.xcassets */,
				F77D22531CA9963300E62C6F /* LaunchScreen.storyboard */,
				F77D22561CA9963300E62C6F /* Info.plist */,
			);
			path = "Qual Clima";
			sourceTree = "<group>";
		};
/* End PBXGroup section */

/* Begin PBXNativeTarget section */
		F77D22461CA9963200E62C6F /* Qual Clima */ = {
			isa = PBXNativeTarget;
			buildConfigurationList = F77D22591CA9963300E62C6F /* Build configuration list for PBXNativeTarget "Qual Clima" */;
			buildPhases = (
				F77D22431CA9963200E62C6F /* Sources */,
				F77D22441CA9963200E62C6F /* Frameworks */,
				F77D22451CA9963200E62C6F /* Resources */,
			);
			buildRules = (
			);
			dependencies = (
			);
			name = "Qual Clima";
			productName = "Qual Clima";
			productReference = F77D22471CA9963200E62C6F /* Qual Clima.app */;
			productType = "com.apple.product-type.application";
		};
/* End PBXNativeTarget section */

/* Begin PBXProject section */
		F77D223F1CA9963200E62C6F /* Project object */ = {
			isa = PBXProject;
			attributes = {
				LastSwiftUpdateCheck = 0730;
				LastUpgradeCheck = 0730;
				ORGANIZATIONNAME = "Paiter Tecnologia";
				TargetAttributes = {
					F77D22461CA9963200E62C6F = {
						CreatedOnToolsVersion = 7.3;
					};
				};
			};
			buildConfigurationList = F77D22421CA9963200E62C6F /* Build configuration list for PBXProject "Qual Clima" */;
			compatibilityVersion = "Xcode 3.2";
			developmentRegion = English;
			hasScannedForEncodings = 0;
			knownRegions = (
				en,
				Base,
			);
			mainGroup = F77D223E1CA9963200E62C6F;
			productRefGroup = F77D22481CA9963200E62C6F /* Products */;
			projectDirPath = "";
			projectRoot = "";
			targets = (
				F77D22461CA9963200E62C6F /* Qual Clima */,
			);
		};
/* End PBXProject section */

/* Begin PBXResourcesBuildPhase section */
		F77D22451CA9963200E62C6F /* Resources */ = {
			isa = PBXResourcesBuildPhase;
			buildActionMask = 2147483647;
			files = (
				F77D22551CA9963300E62C6F /* LaunchScreen.storyboard in Resources */,
				F77D22521CA9963300E62C6F /* Assets.xcassets in Resources */,
				F77D22501CA9963300E62C6F /* Main.storyboard in Resources */,
			);
			runOnlyForDeploymentPostprocessing = 0;
		};
/* End PBXResourcesBuildPhase section */

/* Begin PBXSourcesBuildPhase section */
		F77D22431CA9963200E62C6F /* Sources */ = {
			isa = PBXSourcesBuildPhase;
			buildActionMask = 2147483647;
			files = (
				F77D224D1CA9963300E62C6F /* ViewController.swift in Sources */,
				F77D224B1CA9963300E62C6F /* AppDelegate.swift in Sources */,
			);
			runOnlyForDeploymentPostprocessing = 0;
		};
/* End PBXSourcesBuildPhase section */

/* Begin PBXVariantGroup section */
		F77D224E1CA9963300E62C6F /* Main.storyboard */ = {
			isa = PBXVariantGroup;
			children = (
				F77D224F1CA9963300E62C6F /* Base */,
			);
			name = Main.storyboard;
			sourceTree = "<group>";
		};
		F77D22531CA9963300E62C6F /* LaunchScreen.storyboard */ = {
			isa = PBXVariantGroup;
			children = (
				F77D22541CA9963300E62C6F /* Base */,
			);
			name = LaunchScreen.storyboard;
			sourceTree = "<group>";
		};
/* End PBXVariantGroup section */

/* Begin XCBuildConfiguration section */
		F77D22571CA9963300E62C6F /* Debug */ = {
			isa = XCBuildConfiguration;
			buildSettings = {
				ALWAYS_SEARCH_USER_PATHS = NO;
				CLANG_ANALYZER_NONNULL = YES;
				CLANG_CXX_LANGUAGE_STANDARD = "gnu++0x";
				CLANG_CXX_LIBRARY = "libc++";
				CLANG_ENABLE_MODULES = YES;
				CLANG_ENABLE_OBJC_ARC = YES;
				CLANG_WARN_BOOL_CONVERSION = YES;
				CLANG_WARN_CONSTANT_CONVERSION = YES;
				CLANG_WARN_DIRECT_OBJC_ISA_USAGE = YES_ERROR;
				CLANG_WARN_EMPTY_BODY = YES;
				CLANG_WARN_ENUM_CONVERSION = YES;
				CLANG_WARN_INT_CONVERSION = YES;
				CLANG_WARN_OBJC_ROOT_CLASS = YES_ERROR;
				CLANG_WARN_UNREACHABLE_CODE = YES;
				CLANG_WARN__DUPLICATE_METHOD_MATCH = YES;
				"CODE_SIGN_IDENTITY[sdk=iphoneos*]" = "iPhone Developer";
				COPY_PHASE_STRIP = NO;
				DEBUG_INFORMATION_FORMAT = dwarf;
				ENABLE_STRICT_OBJC_MSGSEND = YES;
				ENABLE_TESTABILITY = YES;
				GCC_C_LANGUAGE_STANDARD = gnu99;
				GCC_DYNAMIC_NO_PIC = NO;
				GCC_NO_COMMON_BLOCKS = YES;
				GCC_OPTIMIZATION_LEVEL = 0;
				GCC_PREPROCESSOR_DEFINITIONS = (
					"DEBUG=1",
					"$(inherited)",
				);
				GCC_WARN_64_TO_32_BIT_CONVERSION = YES;
				GCC_WARN_ABOUT_RETURN_TYPE = YES_ERROR;
				GCC_WARN_UNDECLARED_SELECTOR = YES;
				GCC_WARN_UNINITIALIZED_AUTOS = YES_AGGRESSIVE;
				GCC_WARN_UNUSED_FUNCTION = YES;
				GCC_WARN_UNUSED_VARIABLE = YES;
				IPHONEOS_DEPLOYMENT_TARGET = 9.3;
				MTL_ENABLE_DEBUG_INFO = YES;
				ONLY_ACTIVE_ARCH = YES;
				SDKROOT = iphoneos;
				SWIFT_OPTIMIZATION_LEVEL = "-Onone";
			};
			name = Debug;
		};
		F77D22581CA9963300E62C6F /* Release */ = {
			isa = XCBuildConfiguration;
			buildSettings = {
				ALWAYS_SEARCH_USER_PATHS = NO;
				CLANG_ANALYZER_NONNULL = YES;
				CLANG_CXX_LANGUAGE_STANDARD = "gnu++0x";
				CLANG_CXX_LIBRARY = "libc++";
				CLANG_ENABLE_MODULES = YES;
				CLANG_ENABLE_OBJC_ARC = YES;
				CLANG_WARN_BOOL_CONVERSION = YES;
				CLANG_WARN_CONSTANT_CONVERSION = YES;
				CLANG_WARN_DIRECT_OBJC_ISA_USAGE = YES_ERROR;
				CLANG_WARN_EMPTY_BODY = YES;
				CLANG_WARN_ENUM_CONVERSION = YES;
				CLANG_WARN_INT_CONVERSION = YES;
				CLANG_WARN_OBJC_ROOT_CLASS = YES_ERROR;
				CLANG_WARN_UNREACHABLE_CODE = YES;
				CLANG_WARN__DUPLICATE_METHOD_MATCH = YES;
				"CODE_SIGN_IDENTITY[sdk=iphoneos*]" = "iPhone Developer";
				COPY_PHASE_STRIP = NO;
				DEBUG_INFORMATION_FORMAT = "dwarf-with-dsym";
				ENABLE_NS_ASSERTIONS = NO;
				ENABLE_STRICT_OBJC_MSGSEND = YES;
				GCC_C_LANGUAGE_STANDARD = gnu99;
				GCC_NO_COMMON_BLOCKS = YES;
				GCC_WARN_64_TO_32_BIT_CONVERSION = YES;
				GCC_WARN_ABOUT_RETURN_TYPE = YES_ERROR;
				GCC_WARN_UNDECLARED_SELECTOR = YES;
				GCC_WARN_UNINITIALIZED_AUTOS = YES_AGGRESSIVE;
				GCC_WARN_UNUSED_FUNCTION = YES;
				GCC_WARN_UNUSED_VARIABLE = YES;
				IPHONEOS_DEPLOYMENT_TARGET = 9.3;
				MTL_ENABLE_DEBUG_INFO = NO;
				SDKROOT = iphoneos;
				VALIDATE_PRODUCT = YES;
			};
			name = Release;
		};
		F77D225A1CA9963300E62C6F /* Debug */ = {
			isa = XCBuildConfiguration;
			buildSettings = {
				ASSETCATALOG_COMPILER_APPICON_NAME = AppIcon;
				INFOPLIST_FILE = "Qual Clima/Info.plist";
				LD_RUNPATH_SEARCH_PATHS = "$(inherited) @executable_path/Frameworks";
				PRODUCT_BUNDLE_IDENTIFIER = "br.com.paiter.Qual-Clima";
				PRODUCT_NAME = "$(TARGET_NAME)";
			};
			name = Debug;
		};
		F77D225B1CA9963300E62C6F /* Release */ = {
			isa = XCBuildConfiguration;
			buildSettings = {
				ASSETCATALOG_COMPILER_APPICON_NAME = AppIcon;
				INFOPLIST_FILE = "Qual Clima/Info.plist";
				LD_RUNPATH_SEARCH_PATHS = "$(inherited) @executable_path/Frameworks";
				PRODUCT_BUNDLE_IDENTIFIER = "br.com.paiter.Qual-Clima";
				PRODUCT_NAME = "$(TARGET_NAME)";
			};
			name = Release;
		};
/* End XCBuildConfiguration section */

/* Begin XCConfigurationList section */
		F77D22421CA9963200E62C6F /* Build configuration list for PBXProject "Qual Clima" */ = {
			isa = XCConfigurationList;
			buildConfigurations = (
				F77D22571CA9963300E62C6F /* Debug */,
				F77D22581CA9963300E62C6F /* Release */,
			);
			defaultConfigurationIsVisible = 0;
			defaultConfigurationName = Release;
		};
		F77D22591CA9963300E62C6F /* Build configuration list for PBXNativeTarget "Qual Clima" */ = {
			isa = XCConfigurationList;
			buildConfigurations = (
				F77D225A1CA9963300E62C6F /* Debug */,
				F77D225B1CA9963300E62C6F /* Release */,
			);
			defaultConfigurationIsVisible = 0;
		};
/* End XCConfigurationList section */
	};
	rootObject = F77D223F1CA9963200E62C6F /* Project object */;
}
